lockfileVersion: '9.0'

settings:
  autoInstallPeers: true
  excludeLinksFromLockfile: false

importers:

  .:
    dependencies:
      dotenv:
        specifier: ^17.4.2
        version: 17.4.2
      valibot:
        specifier: ^1.4.0
        version: 1.4.0

packages:

  dotenv@17.4.2:
    resolution: {integrity: sha512-nI4U3TottKAcAD9LLud4Cb7b2QztQMUEfHbvhTH09bqXTxnSie8WnjPALV/WMCrJZ6UV/qHJ6L03OqO3LcdYZw==}
    engines: {node: '>=12'}

  valibot@1.4.0:
    resolution: {integrity: sha512-iC/x7fVcSyOwlm/VSt7RlHnzNGLGvR9GnxdifUeWoCJo0q4ZZvrVkIHC6faTlkxG47I2Y4UrFquPuVHCrOnrLg==}
    peerDependencies:
      typescript: '>=5'
    peerDependenciesMeta:
      typescript:
        optional: true

snapshots:

  dotenv@17.4.2: {}

  valibot@1.4.0: {}
